
Microsoft Visual Studio Solution File, Format Version 12.00
# Visual Studio Version 17
VisualStudioVersion = 17.6.33829.357
MinimumVisualStudioVersion = 10.0.40219.1
Project("{9A19103F-16F7-4668-BE54-9A1E7A4F7556}") = "Wallet.Domain", "Wallet.Domain\Wallet.Domain.csproj", "{3AA377D6-A1A8-4E41-AA96-DAD037ADA1F6}"
EndProject
Project("{2150E333-8FDC-42A3-9474-1A3956D46DE8}") = "Core", "Core", "{A81E9C41-8AA6-44EF-A33E-56EBB4486AED}"
EndProject
Project("{2150E333-8FDC-42A3-9474-1A3956D46DE8}") = "Infra", "Infra", "{689EF266-2CBC-49DC-A140-4C3F05EEA859}"
EndProject
Project("{9A19103F-16F7-4668-BE54-9A1E7A4F7556}") = "Wallet.Persistance", "Wallet.Persistance\Wallet.Persistance.csproj", "{481D1174-6E24-46F6-A5AE-E9D1AB9F81DB}"
EndProject
Project("{9A19103F-16F7-4668-BE54-9A1E7A4F7556}") = "Wallet.Application", "Wallet.Application\Wallet.Application.csproj", "{588F29FB-CA20-4F6C-8C3E-71F39C177206}"
EndProject
Project("{9A19103F-16F7-4668-BE54-9A1E7A4F7556}") = "Wallet.Service", "Wallet.Service\Wallet.Service.csproj", "{0354876C-BE09-417E-8DB9-369519986C32}"
EndProject
Project("{9A19103F-16F7-4668-BE54-9A1E7A4F7556}") = "Wallet.EndPoint.WinForm", "Wallet.EndPoint.WinForm\Wallet.EndPoint.WinForm.csproj", "{0ACF7328-5D46-4FD7-ADDE-93723A2712FE}"
EndProject
Project("{2150E333-8FDC-42A3-9474-1A3956D46DE8}") = "Presentations", "Presentations", "{61055B8E-7AB6-4806-AD6B-FB7046CB1612}"
EndProject
Global
	GlobalSection(SolutionConfigurationPlatforms) = preSolution
		Debug|Any CPU = Debug|Any CPU
		Release|Any CPU = Release|Any CPU
	EndGlobalSection
	GlobalSection(ProjectConfigurationPlatforms) = postSolution
		{3AA377D6-A1A8-4E41-AA96-DAD037ADA1F6}.Debug|Any CPU.ActiveCfg = Debug|Any CPU
		{3AA377D6-A1A8-4E41-AA96-DAD037ADA1F6}.Debug|Any CPU.Build.0 = Debug|Any CPU
		{3AA377D6-A1A8-4E41-AA96-DAD037ADA1F6}.Release|Any CPU.ActiveCfg = Release|Any CPU
		{3AA377D6-A1A8-4E41-AA96-DAD037ADA1F6}.Release|Any CPU.Build.0 = Release|Any CPU
		{481D1174-6E24-46F6-A5AE-E9D1AB9F81DB}.Debug|Any CPU.ActiveCfg = Debug|Any CPU
		{481D1174-6E24-46F6-A5AE-E9D1AB9F81DB}.Debug|Any CPU.Build.0 = Debug|Any CPU
		{481D1174-6E24-46F6-A5AE-E9D1AB9F81DB}.Release|Any CPU.ActiveCfg = Release|Any CPU
		{481D1174-6E24-46F6-A5AE-E9D1AB9F81DB}.Release|Any CPU.Build.0 = Release|Any CPU
		{588F29FB-CA20-4F6C-8C3E-71F39C177206}.Debug|Any CPU.ActiveCfg = Debug|Any CPU
		{588F29FB-CA20-4F6C-8C3E-71F39C177206}.Debug|Any CPU.Build.0 = Debug|Any CPU
		{588F29FB-CA20-4F6C-8C3E-71F39C177206}.Release|Any CPU.ActiveCfg = Release|Any CPU
		{588F29FB-CA20-4F6C-8C3E-71F39C177206}.Release|Any CPU.Build.0 = Release|Any CPU
		{0354876C-BE09-417E-8DB9-369519986C32}.Debug|Any CPU.ActiveCfg = Debug|Any CPU
		{0354876C-BE09-417E-8DB9-369519986C32}.Debug|Any CPU.Build.0 = Debug|Any CPU
		{0354876C-BE09-417E-8DB9-369519986C32}.Release|Any CPU.ActiveCfg = Release|Any CPU
		{0354876C-BE09-417E-8DB9-369519986C32}.Release|Any CPU.Build.0 = Release|Any CPU
		{0ACF7328-5D46-4FD7-ADDE-93723A2712FE}.Debug|Any CPU.ActiveCfg = Debug|Any CPU
		{0ACF7328-5D46-4FD7-ADDE-93723A2712FE}.Debug|Any CPU.Build.0 = Debug|Any CPU
		{0ACF7328-5D46-4FD7-ADDE-93723A2712FE}.Release|Any CPU.ActiveCfg = Release|Any CPU
		{0ACF7328-5D46-4FD7-ADDE-93723A2712FE}.Release|Any CPU.Build.0 = Release|Any CPU
	EndGlobalSection
	GlobalSection(SolutionProperties) = preSolution
		HideSolutionNode = FALSE
	EndGlobalSection
	GlobalSection(NestedProjects) = preSolution
		{3AA377D6-A1A8-4E41-AA96-DAD037ADA1F6} = {A81E9C41-8AA6-44EF-A33E-56EBB4486AED}
		{481D1174-6E24-46F6-A5AE-E9D1AB9F81DB} = {689EF266-2CBC-49DC-A140-4C3F05EEA859}
		{588F29FB-CA20-4F6C-8C3E-71F39C177206} = {A81E9C41-8AA6-44EF-A33E-56EBB4486AED}
		{0354876C-BE09-417E-8DB9-369519986C32} = {689EF266-2CBC-49DC-A140-4C3F05EEA859}
		{0ACF7328-5D46-4FD7-ADDE-93723A2712FE} = {61055B8E-7AB6-4806-AD6B-FB7046CB1612}
	EndGlobalSection
	GlobalSection(ExtensibilityGlobals) = postSolution
		SolutionGuid = {6AAC9715-3D89-4177-8F14-D0F3803CC7CE}
	EndGlobalSection
EndGlobal
